<?xml version="1.0" encoding="utf-8"?>
<Project ToolsVersion="4.0" xmlns="http://schemas.microsoft.com/developer/msbuild/2003">
  <ItemGroup>
    <Filter Include="Source Files">
      <UniqueIdentifier>{4FC737F1-C7A5-4376-A066-2A32D752A2FF}</UniqueIdentifier>
      <Extensions>cpp;cxx;c;def</Extensions>
    </Filter>
    <Filter Include="Header Files">
      <UniqueIdentifier>{93995380-89BD-4b04-88EB-625FBE52EBFB}</UniqueIdentifier>
      <Extensions>h</Extensions>
    </Filter>
    <Filter Include="Resource Files">
      <UniqueIdentifier>{D9D6E242-F8AF-46E4-B9FD-80ECBC20BA3E}</UniqueIdentifier>
      <Extensions>qrc;*</Extensions>
      <ParseFiles>false</ParseFiles>
    </Filter>
    <Filter Include="Generated Files">
      <UniqueIdentifier>{71ED8ED8-ACB9-4CE9-BBE1-E00B30144E11}</UniqueIdentifier>
      <Extensions>moc;h;cpp</Extensions>
      <SourceControlFiles>False</SourceControlFiles>
    </Filter>
    <Filter Include="Generated Files\Debug">
      <UniqueIdentifier>{aeb8eb62-48ae-497e-8107-22624eab9c1b}</UniqueIdentifier>
      <Extensions>cpp;moc</Extensions>
      <SourceControlFiles>False</SourceControlFiles>
    </Filter>
    <Filter Include="Generated Files\Release">
      <UniqueIdentifier>{13dd6059-0815-44a9-9dd1-35aed7dd78ac}</UniqueIdentifier>
      <Extensions>cpp;moc</Extensions>
      <SourceControlFiles>False</SourceControlFiles>
    </Filter>
  </ItemGroup>
  <ItemGroup>
    <CustomBuild Include="QtDockSite.h">
      <Filter>Header Files</Filter>
    </CustomBuild>
    <CustomBuild Include="QtDockWidget.h">
      <Filter>Header Files</Filter>
    </CustomBuild>
    <CustomBuild Include="QtFlex.qrc">
      <Filter>Resource Files</Filter>
    </CustomBuild>
    <CustomBuild Include="QtFlexHelper.h">
      <Filter>Header Files</Filter>
    </CustomBuild>
    <CustomBuild Include="QtFlexManager.h">
      <Filter>Header Files</Filter>
    </CustomBuild>
    <CustomBuild Include="QtFlexWidget.h">
      <Filter>Header Files</Filter>
    </CustomBuild>
    <CustomBuild Include="QtDockGuider.h">
      <Filter>Header Files</Filter>
    </CustomBuild>
    <CustomBuild Include="QtDockSide.h">
      <Filter>Header Files</Filter>
    </CustomBuild>
  </ItemGroup>
  <ItemGroup>
    <ClCompile Include="..\build\moc\Debug\moc_QtDockSite.cpp">
      <Filter>Generated Files\Debug</Filter>
    </ClCompile>
    <ClCompile Include="..\build\moc\Release\moc_QtDockSite.cpp">
      <Filter>Generated Files\Release</Filter>
    </ClCompile>
    <ClCompile Include="QtDockWidget.cpp">
      <Filter>Source Files</Filter>
    </ClCompile>
    <ClCompile Include="..\build\moc\Debug\moc_QtDockWidget.cpp">
      <Filter>Generated Files\Debug</Filter>
    </ClCompile>
    <ClCompile Include="..\build\moc\Release\moc_QtDockWidget.cpp">
      <Filter>Generated Files\Release</Filter>
    </ClCompile>
    <ClCompile Include="..\build\moc\qrc_QtFlex.cpp">
      <Filter>Generated Files</Filter>
    </ClCompile>
    <ClCompile Include="QtFlexHelper.cpp">
      <Filter>Source Files</Filter>
    </ClCompile>
    <ClCompile Include="..\build\moc\Debug\moc_QtFlexHelper.cpp">
      <Filter>Generated Files\Debug</Filter>
    </ClCompile>
    <ClCompile Include="..\build\moc\Release\moc_QtFlexHelper.cpp">
      <Filter>Generated Files\Release</Filter>
    </ClCompile>
    <ClCompile Include="QtFlexManager.cpp">
      <Filter>Source Files</Filter>
    </ClCompile>
    <ClCompile Include="..\build\moc\Debug\moc_QtFlexManager.cpp">
      <Filter>Generated Files\Debug</Filter>
    </ClCompile>
    <ClCompile Include="..\build\moc\Release\moc_QtFlexManager.cpp">
      <Filter>Generated Files\Release</Filter>
    </ClCompile>
    <ClCompile Include="QtFlexStyle.cpp">
      <Filter>Source Files</Filter>
    </ClCompile>
    <ClCompile Include="QtFlexWidget.cpp">
      <Filter>Source Files</Filter>
    </ClCompile>
    <ClCompile Include="..\build\moc\Debug\moc_QtFlexWidget.cpp">
      <Filter>Generated Files\Debug</Filter>
    </ClCompile>
    <ClCompile Include="..\build\moc\Release\moc_QtFlexWidget.cpp">
      <Filter>Generated Files\Release</Filter>
    </ClCompile>
    <ClCompile Include="QtDockGuider.cpp">
      <Filter>Source Files</Filter>
    </ClCompile>
    <ClCompile Include="..\build\moc\Debug\moc_QtDockGuider.cpp">
      <Filter>Generated Files\Debug</Filter>
    </ClCompile>
    <ClCompile Include="..\build\moc\Release\moc_QtDockGuider.cpp">
      <Filter>Generated Files\Release</Filter>
    </ClCompile>
    <ClCompile Include="QtDockSide.cpp">
      <Filter>Source Files</Filter>
    </ClCompile>
    <ClCompile Include="..\build\moc\Debug\moc_QtDockSide.cpp">
      <Filter>Generated Files\Debug</Filter>
    </ClCompile>
    <ClCompile Include="..\build\moc\Release\moc_QtDockSide.cpp">
      <Filter>Generated Files\Release</Filter>
    </ClCompile>
    <ClCompile Include="QtDockSite.cpp">
      <Filter>Source Files</Filter>
    </ClCompile>
  </ItemGroup>
  <ItemGroup>
    <Image Include="Resources\guiders.png">
      <Filter>Resource Files</Filter>
    </Image>
    <Image Include="Resources\buttons.png">
      <Filter>Resource Files</Filter>
    </Image>
    <Image Include="Resources\extents.png">
      <Filter>Resource Files</Filter>
    </Image>
  </ItemGroup>
  <ItemGroup>
    <ClInclude Include="QtFlexStyle.h">
      <Filter>Header Files</Filter>
    </ClInclude>
  </ItemGroup>
</Project>