
Microsoft Visual Studio Solution File, Format Version 12.00
# Visual Studio 2013
VisualStudioVersion = 12.0.30110.0
MinimumVisualStudioVersion = 10.0.40219.1
Project("{8BC9CEB8-8B4A-11D0-8D11-00A0C91BC942}") = "QtFlex", "src\QtFlex.vcxproj", "{B12702AD-ABFB-343A-A199-8E24837244A3}"
EndProject
Project("{8BC9CEB8-8B4A-11D0-8D11-00A0C91BC942}") = "QtGuider", "examples\QtGuider\QtGuider.vcxproj", "{4B20E724-16DC-4113-84D5-5186DFB225EC}"
	ProjectSection(ProjectDependencies) = postProject
		{B12702AD-ABFB-343A-A199-8E24837244A3} = {B12702AD-ABFB-343A-A199-8E24837244A3}
	EndProjectSection
EndProject
Global
	GlobalSection(SolutionConfigurationPlatforms) = preSolution
		Debug|Win32 = Debug|Win32
		Debug|x64 = Debug|x64
		Release|Win32 = Release|Win32
		Release|x64 = Release|x64
	EndGlobalSection
	GlobalSection(ProjectConfigurationPlatforms) = postSolution
		{B12702AD-ABFB-343A-A199-8E24837244A3}.Debug|Win32.ActiveCfg = Debug|Win32
		{B12702AD-ABFB-343A-A199-8E24837244A3}.Debug|Win32.Build.0 = Debug|Win32
		{B12702AD-ABFB-343A-A199-8E24837244A3}.Debug|x64.ActiveCfg = Debug|x64
		{B12702AD-ABFB-343A-A199-8E24837244A3}.Debug|x64.Build.0 = Debug|x64
		{B12702AD-ABFB-343A-A199-8E24837244A3}.Release|Win32.ActiveCfg = Release|Win32
		{B12702AD-ABFB-343A-A199-8E24837244A3}.Release|Win32.Build.0 = Release|Win32
		{B12702AD-ABFB-343A-A199-8E24837244A3}.Release|x64.ActiveCfg = Release|x64
		{B12702AD-ABFB-343A-A199-8E24837244A3}.Release|x64.Build.0 = Release|x64
		{4B20E724-16DC-4113-84D5-5186DFB225EC}.Debug|Win32.ActiveCfg = Debug|Win32
		{4B20E724-16DC-4113-84D5-5186DFB225EC}.Debug|Win32.Build.0 = Debug|Win32
		{4B20E724-16DC-4113-84D5-5186DFB225EC}.Debug|x64.ActiveCfg = Debug|x64
		{4B20E724-16DC-4113-84D5-5186DFB225EC}.Debug|x64.Build.0 = Debug|x64
		{4B20E724-16DC-4113-84D5-5186DFB225EC}.Release|Win32.ActiveCfg = Release|Win32
		{4B20E724-16DC-4113-84D5-5186DFB225EC}.Release|Win32.Build.0 = Release|Win32
		{4B20E724-16DC-4113-84D5-5186DFB225EC}.Release|x64.ActiveCfg = Release|x64
		{4B20E724-16DC-4113-84D5-5186DFB225EC}.Release|x64.Build.0 = Release|x64
	EndGlobalSection
	GlobalSection(SolutionProperties) = preSolution
		HideSolutionNode = FALSE
	EndGlobalSection
EndGlobal
